
Microsoft Visual Studio Solution File, Format Version 12.00
# Visual Studio Version 17
VisualStudioVersion = 17.0.31903.59
MinimumVisualStudioVersion = 10.0.40219.1
Project("{FAE04EC0-301F-11D3-BF4B-00C04F79EFBC}") = "IDK", "IDK\IDK.csproj", "{6B3F45C2-A3AE-49AE-8C61-E4CF8C86A23C}"
EndProject
Project("{FAE04EC0-301F-11D3-BF4B-00C04F79EFBC}") = "Idkwdywkd", "Idkwdywkd\Idkwdywkd.csproj", "{C002401E-7D98-44E6-8ED1-0E9FA15A5330}"
EndProject
Project("{FAE04EC0-301F-11D3-BF4B-00C04F79EFBC}") = "sum noo", "sum noo\sum noo.csproj", "{22A787F1-487C-417E-8713-90ECD4132254}"
EndProject
Project("{FAE04EC0-301F-11D3-BF4B-00C04F79EFBC}") = "idm", "idm\idm.csproj", "{921178E8-03A1-43F8-BA23-58E56699103D}"
EndProject
Project("{FAE04EC0-301F-11D3-BF4B-00C04F79EFBC}") = "Midcoin", "Midcoin\Midcoin.csproj", "{B10D60B3-9CA0-48E8-9D38-CB943B3D63C1}"
EndProject
Project("{FAE04EC0-301F-11D3-BF4B-00C04F79EFBC}") = "Task thing", "Task thing\Task thing.csproj", "{30BA5ED9-1081-408D-9528-B3DCF559474A}"
EndProject
Project("{FAE04EC0-301F-11D3-BF4B-00C04F79EFBC}") = "tmg", "tmg\tmg.csproj", "{47B150F7-1ABD-46C7-A6A8-346C958DB46A}"
EndProject
Project("{FAE04EC0-301F-11D3-BF4B-00C04F79EFBC}") = "Takss", "Takss\Takss.csproj", "{BD91A210-AD48-4916-9539-B1700C48327C}"
EndProject
Global
	GlobalSection(SolutionConfigurationPlatforms) = preSolution
		Debug|Any CPU = Debug|Any CPU
		Release|Any CPU = Release|Any CPU
	EndGlobalSection
	GlobalSection(SolutionProperties) = preSolution
		HideSolutionNode = FALSE
	EndGlobalSection
	GlobalSection(ProjectConfigurationPlatforms) = postSolution
		{6B3F45C2-A3AE-49AE-8C61-E4CF8C86A23C}.Debug|Any CPU.ActiveCfg = Debug|Any CPU
		{6B3F45C2-A3AE-49AE-8C61-E4CF8C86A23C}.Debug|Any CPU.Build.0 = Debug|Any CPU
		{6B3F45C2-A3AE-49AE-8C61-E4CF8C86A23C}.Release|Any CPU.ActiveCfg = Release|Any CPU
		{6B3F45C2-A3AE-49AE-8C61-E4CF8C86A23C}.Release|Any CPU.Build.0 = Release|Any CPU
		{C002401E-7D98-44E6-8ED1-0E9FA15A5330}.Debug|Any CPU.ActiveCfg = Debug|Any CPU
		{C002401E-7D98-44E6-8ED1-0E9FA15A5330}.Debug|Any CPU.Build.0 = Debug|Any CPU
		{C002401E-7D98-44E6-8ED1-0E9FA15A5330}.Release|Any CPU.ActiveCfg = Release|Any CPU
		{C002401E-7D98-44E6-8ED1-0E9FA15A5330}.Release|Any CPU.Build.0 = Release|Any CPU
		{22A787F1-487C-417E-8713-90ECD4132254}.Debug|Any CPU.ActiveCfg = Debug|Any CPU
		{22A787F1-487C-417E-8713-90ECD4132254}.Debug|Any CPU.Build.0 = Debug|Any CPU
		{22A787F1-487C-417E-8713-90ECD4132254}.Release|Any CPU.ActiveCfg = Release|Any CPU
		{22A787F1-487C-417E-8713-90ECD4132254}.Release|Any CPU.Build.0 = Release|Any CPU
		{921178E8-03A1-43F8-BA23-58E56699103D}.Debug|Any CPU.ActiveCfg = Debug|Any CPU
		{921178E8-03A1-43F8-BA23-58E56699103D}.Debug|Any CPU.Build.0 = Debug|Any CPU
		{921178E8-03A1-43F8-BA23-58E56699103D}.Release|Any CPU.ActiveCfg = Release|Any CPU
		{921178E8-03A1-43F8-BA23-58E56699103D}.Release|Any CPU.Build.0 = Release|Any CPU
		{B10D60B3-9CA0-48E8-9D38-CB943B3D63C1}.Debug|Any CPU.ActiveCfg = Debug|Any CPU
		{B10D60B3-9CA0-48E8-9D38-CB943B3D63C1}.Debug|Any CPU.Build.0 = Debug|Any CPU
		{B10D60B3-9CA0-48E8-9D38-CB943B3D63C1}.Release|Any CPU.ActiveCfg = Release|Any CPU
		{B10D60B3-9CA0-48E8-9D38-CB943B3D63C1}.Release|Any CPU.Build.0 = Release|Any CPU
		{30BA5ED9-1081-408D-9528-B3DCF559474A}.Debug|Any CPU.ActiveCfg = Debug|Any CPU
		{30BA5ED9-1081-408D-9528-B3DCF559474A}.Debug|Any CPU.Build.0 = Debug|Any CPU
		{30BA5ED9-1081-408D-9528-B3DCF559474A}.Release|Any CPU.ActiveCfg = Release|Any CPU
		{30BA5ED9-1081-408D-9528-B3DCF559474A}.Release|Any CPU.Build.0 = Release|Any CPU
		{47B150F7-1ABD-46C7-A6A8-346C958DB46A}.Debug|Any CPU.ActiveCfg = Debug|Any CPU
		{47B150F7-1ABD-46C7-A6A8-346C958DB46A}.Debug|Any CPU.Build.0 = Debug|Any CPU
		{47B150F7-1ABD-46C7-A6A8-346C958DB46A}.Release|Any CPU.ActiveCfg = Release|Any CPU
		{47B150F7-1ABD-46C7-A6A8-346C958DB46A}.Release|Any CPU.Build.0 = Release|Any CPU
		{BD91A210-AD48-4916-9539-B1700C48327C}.Debug|Any CPU.ActiveCfg = Debug|Any CPU
		{BD91A210-AD48-4916-9539-B1700C48327C}.Debug|Any CPU.Build.0 = Debug|Any CPU
		{BD91A210-AD48-4916-9539-B1700C48327C}.Release|Any CPU.ActiveCfg = Release|Any CPU
		{BD91A210-AD48-4916-9539-B1700C48327C}.Release|Any CPU.Build.0 = Release|Any CPU
	EndGlobalSection
EndGlobal
